
Microsoft Visual Studio Solution File, Format Version 12.00
# Visual Studio Version 16
VisualStudioVersion = 16.0.31624.102
MinimumVisualStudioVersion = 10.0.40219.1
Project("{FAE04EC0-301F-11D3-BF4B-00C04F79EFBC}") = "Product_Category", "Product_Category.csproj", "{4725410F-5A83-4CEF-A160-BEBF1D4F5F29}"
EndProject
Global
	GlobalSection(SolutionConfigurationPlatforms) = preSolution
		Debug|Any CPU = Debug|Any CPU
		Release|Any CPU = Release|Any CPU
	EndGlobalSection
	GlobalSection(ProjectConfigurationPlatforms) = postSolution
		{4725410F-5A83-4CEF-A160-BEBF1D4F5F29}.Debug|Any CPU.ActiveCfg = Debug|Any CPU
		{4725410F-5A83-4CEF-A160-BEBF1D4F5F29}.Debug|Any CPU.Build.0 = Debug|Any CPU
		{4725410F-5A83-4CEF-A160-BEBF1D4F5F29}.Release|Any CPU.ActiveCfg = Release|Any CPU
		{4725410F-5A83-4CEF-A160-BEBF1D4F5F29}.Release|Any CPU.Build.0 = Release|Any CPU
	EndGlobalSection
	GlobalSection(SolutionProperties) = preSolution
		HideSolutionNode = FALSE
	EndGlobalSection
	GlobalSection(ExtensibilityGlobals) = postSolution
		SolutionGuid = {B60303CB-CD93-4834-BAE8-377354D7F157}
	EndGlobalSection
EndGlobal
